
Microsoft Visual Studio Solution File, Format Version 12.00
# Visual Studio Version 17
VisualStudioVersion = 17.1.32210.238
MinimumVisualStudioVersion = 10.0.40219.1
Project("{9A19103F-16F7-4668-BE54-9A1E7A4F7556}") = "WEB4-ToDoServices", "WEB4-ToDoServices\WEB4-ToDoServices.csproj", "{F0721954-6CED-40D7-A89F-4FB764735100}"
EndProject
Project("{9A19103F-16F7-4668-BE54-9A1E7A4F7556}") = "ToDoFrontend.Client", "ToDoFrontend\Client\ToDoFrontend.Client.csproj", "{2A8D2540-F367-4E3E-BD5B-41C6371093DF}"
EndProject
Project("{9A19103F-16F7-4668-BE54-9A1E7A4F7556}") = "ToDoFrontend.Shared", "ToDoFrontend\Shared\ToDoFrontend.Shared.csproj", "{CEFD7422-4D92-4064-9AD6-EBE6AEECDE30}"
EndProject
Global
	GlobalSection(SolutionConfigurationPlatforms) = preSolution
		Debug|Any CPU = Debug|Any CPU
		Release|Any CPU = Release|Any CPU
	EndGlobalSection
	GlobalSection(ProjectConfigurationPlatforms) = postSolution
		{F0721954-6CED-40D7-A89F-4FB764735100}.Debug|Any CPU.ActiveCfg = Debug|Any CPU
		{F0721954-6CED-40D7-A89F-4FB764735100}.Debug|Any CPU.Build.0 = Debug|Any CPU
		{F0721954-6CED-40D7-A89F-4FB764735100}.Release|Any CPU.ActiveCfg = Release|Any CPU
		{F0721954-6CED-40D7-A89F-4FB764735100}.Release|Any CPU.Build.0 = Release|Any CPU
		{2A8D2540-F367-4E3E-BD5B-41C6371093DF}.Debug|Any CPU.ActiveCfg = Debug|Any CPU
		{2A8D2540-F367-4E3E-BD5B-41C6371093DF}.Debug|Any CPU.Build.0 = Debug|Any CPU
		{2A8D2540-F367-4E3E-BD5B-41C6371093DF}.Release|Any CPU.ActiveCfg = Release|Any CPU
		{2A8D2540-F367-4E3E-BD5B-41C6371093DF}.Release|Any CPU.Build.0 = Release|Any CPU
		{CEFD7422-4D92-4064-9AD6-EBE6AEECDE30}.Debug|Any CPU.ActiveCfg = Debug|Any CPU
		{CEFD7422-4D92-4064-9AD6-EBE6AEECDE30}.Debug|Any CPU.Build.0 = Debug|Any CPU
		{CEFD7422-4D92-4064-9AD6-EBE6AEECDE30}.Release|Any CPU.ActiveCfg = Release|Any CPU
		{CEFD7422-4D92-4064-9AD6-EBE6AEECDE30}.Release|Any CPU.Build.0 = Release|Any CPU
	EndGlobalSection
	GlobalSection(SolutionProperties) = preSolution
		HideSolutionNode = FALSE
	EndGlobalSection
	GlobalSection(ExtensibilityGlobals) = postSolution
		SolutionGuid = {D0B8AA57-9D8A-4610-9CEF-9F5C6C3D1873}
	EndGlobalSection
EndGlobal
